
Microsoft Visual Studio Solution File, Format Version 11.00
# Visual Studio 2010
Project("{FAE04EC0-301F-11D3-BF4B-00C04F79EFBC}") = "IoCforService", "Source\IoCforService\IoCforService.csproj", "{7C11E5A4-4F68-4521-A530-74C7BD30E328}"
EndProject
Project("{FAE04EC0-301F-11D3-BF4B-00C04F79EFBC}") = "MapReduceClient", "Source\MapReduce\MapReduceClient\MapReduceClient.csproj", "{9CE653AE-247C-4A3B-B18B-07411EF9B59F}"
EndProject
Project("{FAE04EC0-301F-11D3-BF4B-00C04F79EFBC}") = "MapReduceClientLib", "Source\MapReduce\MapReduceClientLib\MapReduceClientLib.csproj", "{600A345F-DEE1-41E4-B106-3366AFB3B56C}"
EndProject
Project("{FAE04EC0-301F-11D3-BF4B-00C04F79EFBC}") = "MapReduceService", "Source\MapReduce\MapReduceService\MapReduceService.csproj", "{81BFCE50-70C9-434D-9AD4-55C4054A2CC8}"
EndProject
Project("{FAE04EC0-301F-11D3-BF4B-00C04F79EFBC}") = "PingPongClient", "Source\PingPong\PingPongClient\PingPongClient.csproj", "{1A544FE1-D45B-4B72-9E7B-EE4D0C4BD874}"
EndProject
Project("{FAE04EC0-301F-11D3-BF4B-00C04F79EFBC}") = "PingPongService", "Source\PingPong\PingPongService\PingPongService.csproj", "{EF63B21A-0390-4DB3-8573-21BE5931CD5E}"
EndProject
Project("{FAE04EC0-301F-11D3-BF4B-00C04F79EFBC}") = "SimpleBlob", "Source\SimpleBlob\SimpleBlob.csproj", "{F9922DE1-60D0-4BEC-895C-591C5BC4FFAF}"
EndProject
Project("{FAE04EC0-301F-11D3-BF4B-00C04F79EFBC}") = "SimpleTable", "Source\SimpleTable\SimpleTable.csproj", "{B623302E-9423-4D1D-AB99-24C7BB3A53D9}"
EndProject
Project("{2150E333-8FDC-42A3-9474-1A3956D46DE8}") = "IoCforService", "IoCforService", "{D0C29CAA-E2AD-4651-85E1-9FBC8B0C605B}"
	ProjectSection(SolutionItems) = preProject
		Source\IoCforService\ReadMe.IoCforService.txt = Source\IoCforService\ReadMe.IoCforService.txt
	EndProjectSection
EndProject
Project("{2150E333-8FDC-42A3-9474-1A3956D46DE8}") = "MapReduce", "MapReduce", "{5F76D576-CED0-46BA-A042-4416A4497BDB}"
	ProjectSection(SolutionItems) = preProject
		Source\MapReduce\ReadMe.MapReduce.txt = Source\MapReduce\ReadMe.MapReduce.txt
	EndProjectSection
EndProject
Project("{2150E333-8FDC-42A3-9474-1A3956D46DE8}") = "PingPong", "PingPong", "{0FA7F9B3-6D0B-45CC-A28E-53ABBC0D0EAE}"
	ProjectSection(SolutionItems) = preProject
		Source\PingPong\ReadMe.PingPong.txt = Source\PingPong\ReadMe.PingPong.txt
	EndProjectSection
EndProject
Project("{2150E333-8FDC-42A3-9474-1A3956D46DE8}") = "SimpleBlob", "SimpleBlob", "{5815F6F4-B06B-43C4-8248-0B5CFC0B42EB}"
	ProjectSection(SolutionItems) = preProject
		Source\SimpleBlob\ReadMe.SimpleBlob.txt = Source\SimpleBlob\ReadMe.SimpleBlob.txt
	EndProjectSection
EndProject
Project("{2150E333-8FDC-42A3-9474-1A3956D46DE8}") = "SimpleTable", "SimpleTable", "{C0E68EE4-492F-4B22-BBC0-DCD8B0902435}"
	ProjectSection(SolutionItems) = preProject
		Source\SimpleTable\ReadMe.SimpleTable.txt = Source\SimpleTable\ReadMe.SimpleTable.txt
	EndProjectSection
EndProject
Global
	GlobalSection(SolutionConfigurationPlatforms) = preSolution
		Debug|Any CPU = Debug|Any CPU
		Release|Any CPU = Release|Any CPU
		ReleaseApi|Any CPU = ReleaseApi|Any CPU
	EndGlobalSection
	GlobalSection(ProjectConfigurationPlatforms) = postSolution
		{7C11E5A4-4F68-4521-A530-74C7BD30E328}.Debug|Any CPU.ActiveCfg = Debug|Any CPU
		{7C11E5A4-4F68-4521-A530-74C7BD30E328}.Debug|Any CPU.Build.0 = Debug|Any CPU
		{7C11E5A4-4F68-4521-A530-74C7BD30E328}.Release|Any CPU.ActiveCfg = Release|Any CPU
		{7C11E5A4-4F68-4521-A530-74C7BD30E328}.Release|Any CPU.Build.0 = Release|Any CPU
		{7C11E5A4-4F68-4521-A530-74C7BD30E328}.ReleaseApi|Any CPU.ActiveCfg = Release|Any CPU
		{7C11E5A4-4F68-4521-A530-74C7BD30E328}.ReleaseApi|Any CPU.Build.0 = Release|Any CPU
		{9CE653AE-247C-4A3B-B18B-07411EF9B59F}.Debug|Any CPU.ActiveCfg = Debug|Any CPU
		{9CE653AE-247C-4A3B-B18B-07411EF9B59F}.Debug|Any CPU.Build.0 = Debug|Any CPU
		{9CE653AE-247C-4A3B-B18B-07411EF9B59F}.Release|Any CPU.ActiveCfg = Release|Any CPU
		{9CE653AE-247C-4A3B-B18B-07411EF9B59F}.Release|Any CPU.Build.0 = Release|Any CPU
		{9CE653AE-247C-4A3B-B18B-07411EF9B59F}.ReleaseApi|Any CPU.ActiveCfg = Release|Any CPU
		{9CE653AE-247C-4A3B-B18B-07411EF9B59F}.ReleaseApi|Any CPU.Build.0 = Release|Any CPU
		{600A345F-DEE1-41E4-B106-3366AFB3B56C}.Debug|Any CPU.ActiveCfg = Debug|Any CPU
		{600A345F-DEE1-41E4-B106-3366AFB3B56C}.Debug|Any CPU.Build.0 = Debug|Any CPU
		{600A345F-DEE1-41E4-B106-3366AFB3B56C}.Release|Any CPU.ActiveCfg = Release|Any CPU
		{600A345F-DEE1-41E4-B106-3366AFB3B56C}.Release|Any CPU.Build.0 = Release|Any CPU
		{600A345F-DEE1-41E4-B106-3366AFB3B56C}.ReleaseApi|Any CPU.ActiveCfg = Release|Any CPU
		{600A345F-DEE1-41E4-B106-3366AFB3B56C}.ReleaseApi|Any CPU.Build.0 = Release|Any CPU
		{81BFCE50-70C9-434D-9AD4-55C4054A2CC8}.Debug|Any CPU.ActiveCfg = Debug|Any CPU
		{81BFCE50-70C9-434D-9AD4-55C4054A2CC8}.Debug|Any CPU.Build.0 = Debug|Any CPU
		{81BFCE50-70C9-434D-9AD4-55C4054A2CC8}.Release|Any CPU.ActiveCfg = Release|Any CPU
		{81BFCE50-70C9-434D-9AD4-55C4054A2CC8}.Release|Any CPU.Build.0 = Release|Any CPU
		{81BFCE50-70C9-434D-9AD4-55C4054A2CC8}.ReleaseApi|Any CPU.ActiveCfg = Release|Any CPU
		{81BFCE50-70C9-434D-9AD4-55C4054A2CC8}.ReleaseApi|Any CPU.Build.0 = Release|Any CPU
		{1A544FE1-D45B-4B72-9E7B-EE4D0C4BD874}.Debug|Any CPU.ActiveCfg = Debug|Any CPU
		{1A544FE1-D45B-4B72-9E7B-EE4D0C4BD874}.Debug|Any CPU.Build.0 = Debug|Any CPU
		{1A544FE1-D45B-4B72-9E7B-EE4D0C4BD874}.Release|Any CPU.ActiveCfg = Release|Any CPU
		{1A544FE1-D45B-4B72-9E7B-EE4D0C4BD874}.Release|Any CPU.Build.0 = Release|Any CPU
		{1A544FE1-D45B-4B72-9E7B-EE4D0C4BD874}.ReleaseApi|Any CPU.ActiveCfg = Release|Any CPU
		{1A544FE1-D45B-4B72-9E7B-EE4D0C4BD874}.ReleaseApi|Any CPU.Build.0 = Release|Any CPU
		{EF63B21A-0390-4DB3-8573-21BE5931CD5E}.Debug|Any CPU.ActiveCfg = Debug|Any CPU
		{EF63B21A-0390-4DB3-8573-21BE5931CD5E}.Debug|Any CPU.Build.0 = Debug|Any CPU
		{EF63B21A-0390-4DB3-8573-21BE5931CD5E}.Release|Any CPU.ActiveCfg = Release|Any CPU
		{EF63B21A-0390-4DB3-8573-21BE5931CD5E}.Release|Any CPU.Build.0 = Release|Any CPU
		{EF63B21A-0390-4DB3-8573-21BE5931CD5E}.ReleaseApi|Any CPU.ActiveCfg = Release|Any CPU
		{EF63B21A-0390-4DB3-8573-21BE5931CD5E}.ReleaseApi|Any CPU.Build.0 = Release|Any CPU
		{F9922DE1-60D0-4BEC-895C-591C5BC4FFAF}.Debug|Any CPU.ActiveCfg = Debug|Any CPU
		{F9922DE1-60D0-4BEC-895C-591C5BC4FFAF}.Debug|Any CPU.Build.0 = Debug|Any CPU
		{F9922DE1-60D0-4BEC-895C-591C5BC4FFAF}.Release|Any CPU.ActiveCfg = Release|Any CPU
		{F9922DE1-60D0-4BEC-895C-591C5BC4FFAF}.Release|Any CPU.Build.0 = Release|Any CPU
		{F9922DE1-60D0-4BEC-895C-591C5BC4FFAF}.ReleaseApi|Any CPU.ActiveCfg = Release|Any CPU
		{F9922DE1-60D0-4BEC-895C-591C5BC4FFAF}.ReleaseApi|Any CPU.Build.0 = Release|Any CPU
		{B623302E-9423-4D1D-AB99-24C7BB3A53D9}.Debug|Any CPU.ActiveCfg = Debug|Any CPU
		{B623302E-9423-4D1D-AB99-24C7BB3A53D9}.Debug|Any CPU.Build.0 = Debug|Any CPU
		{B623302E-9423-4D1D-AB99-24C7BB3A53D9}.Release|Any CPU.ActiveCfg = Release|Any CPU
		{B623302E-9423-4D1D-AB99-24C7BB3A53D9}.Release|Any CPU.Build.0 = Release|Any CPU
		{B623302E-9423-4D1D-AB99-24C7BB3A53D9}.ReleaseApi|Any CPU.ActiveCfg = Release|Any CPU
		{B623302E-9423-4D1D-AB99-24C7BB3A53D9}.ReleaseApi|Any CPU.Build.0 = Release|Any CPU
	EndGlobalSection
	GlobalSection(SolutionProperties) = preSolution
		HideSolutionNode = FALSE
	EndGlobalSection
	GlobalSection(NestedProjects) = preSolution
		{7C11E5A4-4F68-4521-A530-74C7BD30E328} = {D0C29CAA-E2AD-4651-85E1-9FBC8B0C605B}
		{600A345F-DEE1-41E4-B106-3366AFB3B56C} = {5F76D576-CED0-46BA-A042-4416A4497BDB}
		{81BFCE50-70C9-434D-9AD4-55C4054A2CC8} = {5F76D576-CED0-46BA-A042-4416A4497BDB}
		{9CE653AE-247C-4A3B-B18B-07411EF9B59F} = {5F76D576-CED0-46BA-A042-4416A4497BDB}
		{EF63B21A-0390-4DB3-8573-21BE5931CD5E} = {0FA7F9B3-6D0B-45CC-A28E-53ABBC0D0EAE}
		{1A544FE1-D45B-4B72-9E7B-EE4D0C4BD874} = {0FA7F9B3-6D0B-45CC-A28E-53ABBC0D0EAE}
		{F9922DE1-60D0-4BEC-895C-591C5BC4FFAF} = {5815F6F4-B06B-43C4-8248-0B5CFC0B42EB}
		{B623302E-9423-4D1D-AB99-24C7BB3A53D9} = {C0E68EE4-492F-4B22-BBC0-DCD8B0902435}
	EndGlobalSection
EndGlobal
